
Microsoft Visual Studio Solution File, Format Version 12.00
# Visual Studio Version 17
VisualStudioVersion = 17.4.33103.184
MinimumVisualStudioVersion = 10.0.40219.1
Project("{FAE04EC0-301F-11D3-BF4B-00C04F79EFBC}") = "Cabeleireiro", "Cabeleireiro\Cabeleireiro.csproj", "{2E455C51-3EDC-42CF-B204-8D8A340FF966}"
EndProject
Global
	GlobalSection(SolutionConfigurationPlatforms) = preSolution
		Debug|Any CPU = Debug|Any CPU
		Release|Any CPU = Release|Any CPU
	EndGlobalSection
	GlobalSection(ProjectConfigurationPlatforms) = postSolution
		{2E455C51-3EDC-42CF-B204-8D8A340FF966}.Debug|Any CPU.ActiveCfg = Debug|Any CPU
		{2E455C51-3EDC-42CF-B204-8D8A340FF966}.Debug|Any CPU.Build.0 = Debug|Any CPU
		{2E455C51-3EDC-42CF-B204-8D8A340FF966}.Release|Any CPU.ActiveCfg = Release|Any CPU
		{2E455C51-3EDC-42CF-B204-8D8A340FF966}.Release|Any CPU.Build.0 = Release|Any CPU
	EndGlobalSection
	GlobalSection(SolutionProperties) = preSolution
		HideSolutionNode = FALSE
	EndGlobalSection
	GlobalSection(ExtensibilityGlobals) = postSolution
		SolutionGuid = {D401D16B-3CEA-4C03-A0EC-72FDFEFAC415}
	EndGlobalSection
EndGlobal
